<?xml version="1.0" encoding="UTF-8" standalone="yes" ?>
<CodeBlocks_project_file>
	<FileVersion major="1" minor="6" />
	<Project>
		<Option title="TP_TOPICOS" />
		<Option pch_mode="2" />
		<Option compiler="gcc" />
		<Build>
			<Target title="Debug">
				<Option output="bin/Debug/TP_TOPICOS" prefix_auto="1" extension_auto="1" />
				<Option object_output="obj/Debug/" />
				<Option type="1" />
				<Option compiler="gcc" />
				<Compiler>
					<Add option="-g" />
				</Compiler>
				<Linker>
					<Add library="comdlg32" />
				</Linker>
			</Target>
			<Target title="Release">
				<Option output="bin/Release/TP_TOPICOS" prefix_auto="1" extension_auto="1" />
				<Option object_output="obj/Release/" />
				<Option type="1" />
				<Option compiler="gcc" />
				<Compiler>
					<Add option="-O2" />
				</Compiler>
				<Linker>
					<Add option="-s" />
				</Linker>
			</Target>
		</Build>
		<Compiler>
			<Add option="-Wall" />
			<Add directory="lib/SDL2-2.32.8/x86_64-w64-mingw32/include" />
			<Add directory="lib/SDL2-2.32.8/x86_64-w64-mingw32/include/SDL2" />
			<Add directory="lib/SDL2_mixer-2.8.1/x86_64-w64-mingw32/include" />
			<Add directory="lib/SDL2_ttf-2.20.2/x86_64-w64-mingw32/include" />
		</Compiler>
		<Linker>
			<Add option="-lmingw32" />
			<Add option="-lSDL2main" />
			<Add option="-lSDL2" />
			<Add option="-lSDL2_mixer" />
			<Add option="-lSDL2_ttf" />
			<Add library="SDL2" />
			<Add directory="lib/SDL2-2.32.8/x86_64-w64-mingw32/lib" />
			<Add directory="lib/SDL2_mixer-2.8.1/x86_64-w64-mingw32/lib" />
			<Add directory="lib/SDL2_ttf-2.20.2/x86_64-w64-mingw32/lib" />
		</Linker>
		<Unit filename="funciones_botones.c">
			<Option compilerVar="CC" />
		</Unit>
		<Unit filename="gui.c">
			<Option compilerVar="CC" />
		</Unit>
		<Unit filename="gui.h" />
		<Unit filename="jugadores.c">
			<Option compilerVar="CC" />
		</Unit>
		<Unit filename="jugadores.h" />
		<Unit filename="macros.h" />
		<Unit filename="main.c">
			<Option compilerVar="CC" />
		</Unit>
		<Unit filename="main.h" />
		<Unit filename="notas.c">
			<Option compilerVar="CC" />
		</Unit>
		<Unit filename="notas.h" />
		<Unit filename="sonidos.c">
			<Option compilerVar="CC" />
		</Unit>
		<Unit filename="sonidos.h" />
		<Unit filename="texto.c">
			<Option compilerVar="CC" />
		</Unit>
		<Unit filename="variables_globales.c">
			<Option compilerVar="CC" />
		</Unit>
		<Unit filename="variables_globales.h" />
		<Unit filename="video.c">
			<Option compilerVar="CC" />
		</Unit>
		<Unit filename="video.h" />
		<Extensions>
			<lib_finder disable_auto="1" />
		</Extensions>
	</Project>
</CodeBlocks_project_file>
